
Microsoft Visual Studio Solution File, Format Version 12.00
# Visual Studio Version 16
VisualStudioVersion = 16.0.31025.194
MinimumVisualStudioVersion = 10.0.40219.1
Project("{FAE04EC0-301F-11D3-BF4B-00C04F79EFBC}") = "Antares bot uwu", "Antares bot uwu\Antares bot uwu.csproj", "{61BF26FB-5CBF-41AE-AB38-39774CCE2577}"
EndProject
Global
	GlobalSection(SolutionConfigurationPlatforms) = preSolution
		Debug|Any CPU = Debug|Any CPU
		Release|Any CPU = Release|Any CPU
	EndGlobalSection
	GlobalSection(ProjectConfigurationPlatforms) = postSolution
		{61BF26FB-5CBF-41AE-AB38-39774CCE2577}.Debug|Any CPU.ActiveCfg = Debug|Any CPU
		{61BF26FB-5CBF-41AE-AB38-39774CCE2577}.Debug|Any CPU.Build.0 = Debug|Any CPU
		{61BF26FB-5CBF-41AE-AB38-39774CCE2577}.Release|Any CPU.ActiveCfg = Release|Any CPU
		{61BF26FB-5CBF-41AE-AB38-39774CCE2577}.Release|Any CPU.Build.0 = Release|Any CPU
	EndGlobalSection
	GlobalSection(SolutionProperties) = preSolution
		HideSolutionNode = FALSE
	EndGlobalSection
	GlobalSection(ExtensibilityGlobals) = postSolution
		SolutionGuid = {C08237F0-3922-405B-83B0-42E5820C4D19}
	EndGlobalSection
EndGlobal
